
Microsoft Visual Studio Solution File, Format Version 12.00
# Visual Studio 15
VisualStudioVersion = 15.0.28307.421
MinimumVisualStudioVersion = 10.0.40219.1
Project("{FAE04EC0-301F-11D3-BF4B-00C04F79EFBC}") = "Cadi.UI", "Cadi.UI\Cadi.UI\Cadi.UI.csproj", "{79D1285B-A62B-4B3C-B9F1-ECE8AB74C6A6}"
EndProject
Project("{FAE04EC0-301F-11D3-BF4B-00C04F79EFBC}") = "Cadi.UI.UWP", "Cadi.UI\Cadi.UI.UWP\Cadi.UI.UWP.csproj", "{03C9259F-FB03-4F9C-8877-DF02470D8B48}"
EndProject
Project("{FAE04EC0-301F-11D3-BF4B-00C04F79EFBC}") = "Cadi.UI.GTK", "Cadi.UI.GTK\Cadi.UI.GTK.csproj", "{3DEDD729-D03A-4994-9FFB-C7F150DB6FB2}"
EndProject
Project("{FAE04EC0-301F-11D3-BF4B-00C04F79EFBC}") = "Cadi.UI.GTK.Mac", "Cadi.UI.GTK.Mac\Cadi.UI.GTK.Mac.csproj", "{1779C581-838B-4291-88C6-937E9C9D1884}"
EndProject
Global
	GlobalSection(SolutionConfigurationPlatforms) = preSolution
		Debug|Any CPU = Debug|Any CPU
		Debug|ARM = Debug|ARM
		Debug|x64 = Debug|x64
		Debug|x86 = Debug|x86
		Release|Any CPU = Release|Any CPU
		Release|ARM = Release|ARM
		Release|x64 = Release|x64
		Release|x86 = Release|x86
	EndGlobalSection
	GlobalSection(ProjectConfigurationPlatforms) = postSolution
		{79D1285B-A62B-4B3C-B9F1-ECE8AB74C6A6}.Debug|Any CPU.ActiveCfg = Debug|Any CPU
		{79D1285B-A62B-4B3C-B9F1-ECE8AB74C6A6}.Debug|Any CPU.Build.0 = Debug|Any CPU
		{79D1285B-A62B-4B3C-B9F1-ECE8AB74C6A6}.Debug|ARM.ActiveCfg = Debug|Any CPU
		{79D1285B-A62B-4B3C-B9F1-ECE8AB74C6A6}.Debug|ARM.Build.0 = Debug|Any CPU
		{79D1285B-A62B-4B3C-B9F1-ECE8AB74C6A6}.Debug|x64.ActiveCfg = Debug|Any CPU
		{79D1285B-A62B-4B3C-B9F1-ECE8AB74C6A6}.Debug|x64.Build.0 = Debug|Any CPU
		{79D1285B-A62B-4B3C-B9F1-ECE8AB74C6A6}.Debug|x86.ActiveCfg = Debug|Any CPU
		{79D1285B-A62B-4B3C-B9F1-ECE8AB74C6A6}.Debug|x86.Build.0 = Debug|Any CPU
		{79D1285B-A62B-4B3C-B9F1-ECE8AB74C6A6}.Release|Any CPU.ActiveCfg = Release|Any CPU
		{79D1285B-A62B-4B3C-B9F1-ECE8AB74C6A6}.Release|Any CPU.Build.0 = Release|Any CPU
		{79D1285B-A62B-4B3C-B9F1-ECE8AB74C6A6}.Release|ARM.ActiveCfg = Release|Any CPU
		{79D1285B-A62B-4B3C-B9F1-ECE8AB74C6A6}.Release|ARM.Build.0 = Release|Any CPU
		{79D1285B-A62B-4B3C-B9F1-ECE8AB74C6A6}.Release|x64.ActiveCfg = Release|Any CPU
		{79D1285B-A62B-4B3C-B9F1-ECE8AB74C6A6}.Release|x64.Build.0 = Release|Any CPU
		{79D1285B-A62B-4B3C-B9F1-ECE8AB74C6A6}.Release|x86.ActiveCfg = Release|Any CPU
		{79D1285B-A62B-4B3C-B9F1-ECE8AB74C6A6}.Release|x86.Build.0 = Release|Any CPU
		{03C9259F-FB03-4F9C-8877-DF02470D8B48}.Debug|Any CPU.ActiveCfg = Debug|x86
		{03C9259F-FB03-4F9C-8877-DF02470D8B48}.Debug|ARM.ActiveCfg = Debug|ARM
		{03C9259F-FB03-4F9C-8877-DF02470D8B48}.Debug|ARM.Build.0 = Debug|ARM
		{03C9259F-FB03-4F9C-8877-DF02470D8B48}.Debug|ARM.Deploy.0 = Debug|ARM
		{03C9259F-FB03-4F9C-8877-DF02470D8B48}.Debug|x64.ActiveCfg = Debug|x64
		{03C9259F-FB03-4F9C-8877-DF02470D8B48}.Debug|x64.Build.0 = Debug|x64
		{03C9259F-FB03-4F9C-8877-DF02470D8B48}.Debug|x64.Deploy.0 = Debug|x64
		{03C9259F-FB03-4F9C-8877-DF02470D8B48}.Debug|x86.ActiveCfg = Debug|x86
		{03C9259F-FB03-4F9C-8877-DF02470D8B48}.Debug|x86.Build.0 = Debug|x86
		{03C9259F-FB03-4F9C-8877-DF02470D8B48}.Debug|x86.Deploy.0 = Debug|x86
		{03C9259F-FB03-4F9C-8877-DF02470D8B48}.Release|Any CPU.ActiveCfg = Release|x86
		{03C9259F-FB03-4F9C-8877-DF02470D8B48}.Release|ARM.ActiveCfg = Release|ARM
		{03C9259F-FB03-4F9C-8877-DF02470D8B48}.Release|ARM.Build.0 = Release|ARM
		{03C9259F-FB03-4F9C-8877-DF02470D8B48}.Release|ARM.Deploy.0 = Release|ARM
		{03C9259F-FB03-4F9C-8877-DF02470D8B48}.Release|x64.ActiveCfg = Release|x64
		{03C9259F-FB03-4F9C-8877-DF02470D8B48}.Release|x64.Build.0 = Release|x64
		{03C9259F-FB03-4F9C-8877-DF02470D8B48}.Release|x64.Deploy.0 = Release|x64
		{03C9259F-FB03-4F9C-8877-DF02470D8B48}.Release|x86.ActiveCfg = Release|x86
		{03C9259F-FB03-4F9C-8877-DF02470D8B48}.Release|x86.Build.0 = Release|x86
		{03C9259F-FB03-4F9C-8877-DF02470D8B48}.Release|x86.Deploy.0 = Release|x86
		{3DEDD729-D03A-4994-9FFB-C7F150DB6FB2}.Debug|Any CPU.ActiveCfg = Debug|Any CPU
		{3DEDD729-D03A-4994-9FFB-C7F150DB6FB2}.Debug|Any CPU.Build.0 = Debug|Any CPU
		{3DEDD729-D03A-4994-9FFB-C7F150DB6FB2}.Debug|ARM.ActiveCfg = Debug|Any CPU
		{3DEDD729-D03A-4994-9FFB-C7F150DB6FB2}.Debug|ARM.Build.0 = Debug|Any CPU
		{3DEDD729-D03A-4994-9FFB-C7F150DB6FB2}.Debug|x64.ActiveCfg = Debug|Any CPU
		{3DEDD729-D03A-4994-9FFB-C7F150DB6FB2}.Debug|x64.Build.0 = Debug|Any CPU
		{3DEDD729-D03A-4994-9FFB-C7F150DB6FB2}.Debug|x86.ActiveCfg = Debug|Any CPU
		{3DEDD729-D03A-4994-9FFB-C7F150DB6FB2}.Debug|x86.Build.0 = Debug|Any CPU
		{3DEDD729-D03A-4994-9FFB-C7F150DB6FB2}.Release|Any CPU.ActiveCfg = Release|Any CPU
		{3DEDD729-D03A-4994-9FFB-C7F150DB6FB2}.Release|Any CPU.Build.0 = Release|Any CPU
		{3DEDD729-D03A-4994-9FFB-C7F150DB6FB2}.Release|ARM.ActiveCfg = Release|Any CPU
		{3DEDD729-D03A-4994-9FFB-C7F150DB6FB2}.Release|ARM.Build.0 = Release|Any CPU
		{3DEDD729-D03A-4994-9FFB-C7F150DB6FB2}.Release|x64.ActiveCfg = Release|Any CPU
		{3DEDD729-D03A-4994-9FFB-C7F150DB6FB2}.Release|x64.Build.0 = Release|Any CPU
		{3DEDD729-D03A-4994-9FFB-C7F150DB6FB2}.Release|x86.ActiveCfg = Release|Any CPU
		{3DEDD729-D03A-4994-9FFB-C7F150DB6FB2}.Release|x86.Build.0 = Release|Any CPU
		{1779C581-838B-4291-88C6-937E9C9D1884}.Debug|Any CPU.ActiveCfg = Debug|Any CPU
		{1779C581-838B-4291-88C6-937E9C9D1884}.Debug|Any CPU.Build.0 = Debug|Any CPU
		{1779C581-838B-4291-88C6-937E9C9D1884}.Debug|ARM.ActiveCfg = Debug|Any CPU
		{1779C581-838B-4291-88C6-937E9C9D1884}.Debug|ARM.Build.0 = Debug|Any CPU
		{1779C581-838B-4291-88C6-937E9C9D1884}.Debug|x64.ActiveCfg = Debug|Any CPU
		{1779C581-838B-4291-88C6-937E9C9D1884}.Debug|x64.Build.0 = Debug|Any CPU
		{1779C581-838B-4291-88C6-937E9C9D1884}.Debug|x86.ActiveCfg = Debug|Any CPU
		{1779C581-838B-4291-88C6-937E9C9D1884}.Debug|x86.Build.0 = Debug|Any CPU
		{1779C581-838B-4291-88C6-937E9C9D1884}.Release|Any CPU.ActiveCfg = Release|Any CPU
		{1779C581-838B-4291-88C6-937E9C9D1884}.Release|Any CPU.Build.0 = Release|Any CPU
		{1779C581-838B-4291-88C6-937E9C9D1884}.Release|ARM.ActiveCfg = Release|Any CPU
		{1779C581-838B-4291-88C6-937E9C9D1884}.Release|ARM.Build.0 = Release|Any CPU
		{1779C581-838B-4291-88C6-937E9C9D1884}.Release|x64.ActiveCfg = Release|Any CPU
		{1779C581-838B-4291-88C6-937E9C9D1884}.Release|x64.Build.0 = Release|Any CPU
		{1779C581-838B-4291-88C6-937E9C9D1884}.Release|x86.ActiveCfg = Release|Any CPU
		{1779C581-838B-4291-88C6-937E9C9D1884}.Release|x86.Build.0 = Release|Any CPU
	EndGlobalSection
	GlobalSection(SolutionProperties) = preSolution
		HideSolutionNode = FALSE
	EndGlobalSection
	GlobalSection(ExtensibilityGlobals) = postSolution
		SolutionGuid = {D9CDCBE1-12E8-479C-827F-7AEEEF5ADE3D}
	EndGlobalSection
EndGlobal
